
Microsoft Visual Studio Solution File, Format Version 12.00
# Visual Studio Version 17
VisualStudioVersion = 17.10.35201.131
MinimumVisualStudioVersion = 10.0.40219.1
Project("{FAE04EC0-301F-11D3-BF4B-00C04F79EFBC}") = "Proyecto Final - Registro Medico", "Proyecto Final - Registro Medico\Proyecto Final - Registro Medico.csproj", "{4529D69D-0E64-4C44-92B6-4E6204D7B38D}"
EndProject
Global
	GlobalSection(SolutionConfigurationPlatforms) = preSolution
		Debug|Any CPU = Debug|Any CPU
		Release|Any CPU = Release|Any CPU
	EndGlobalSection
	GlobalSection(ProjectConfigurationPlatforms) = postSolution
		{4529D69D-0E64-4C44-92B6-4E6204D7B38D}.Debug|Any CPU.ActiveCfg = Debug|Any CPU
		{4529D69D-0E64-4C44-92B6-4E6204D7B38D}.Debug|Any CPU.Build.0 = Debug|Any CPU
		{4529D69D-0E64-4C44-92B6-4E6204D7B38D}.Release|Any CPU.ActiveCfg = Release|Any CPU
		{4529D69D-0E64-4C44-92B6-4E6204D7B38D}.Release|Any CPU.Build.0 = Release|Any CPU
	EndGlobalSection
	GlobalSection(SolutionProperties) = preSolution
		HideSolutionNode = FALSE
	EndGlobalSection
	GlobalSection(ExtensibilityGlobals) = postSolution
		SolutionGuid = {C40F7EA7-72AB-4949-B8F8-F128CA4DED0D}
	EndGlobalSection
EndGlobal
